{
    "_meta": {
        "hash": {
            "sha256": "e2662e9dd0c34d436b94b1de0b4bbd2456f6a7b605421de5eadc835d66b73dfc"
        },
        "pipfile-spec": 6,
        "requires": {
            "python_version": "3.8"
        },
        "sources": [
            {
                "name": "pypi",
                "url": "https://pypi.org/simple",
                "verify_ssl": true
            }
        ]
    },
    "default": {
        "invoke": {
            "hashes": [
                "sha256:87b3ef9d72a1667e104f89b159eaf8a514dbf2f3576885b2bbdefe74c3fb2132",
                "sha256:93e12876d88130c8e0d7fd6618dd5387d6b36da55ad541481dfa5e001656f134",
                "sha256:de3f23bfe669e3db1085789fd859eb8ca8e0c5d9c20811e2407fa042e8a5e15d"
            ],
            "index": "pypi",
            "version": "==1.4.1"
        },
        "sphinx-lectern": {
            "editable": true,
            "git": "ssh://git@github.com/hackbrightacademy/sphinx-lectern.git",
            "ref": "bfa1d06ee6a23d7e224ec36ec0d0acfcc1fadfec"
        }
    },
    "develop": {}
}
